
Microsoft Visual Studio Solution File, Format Version 12.00
# Visual Studio 14
VisualStudioVersion = 14.0.24720.0
MinimumVisualStudioVersion = 10.0.40219.1
Project("{888888A0-9F3D-457C-B088-3A5042F75D52}") = "WeatherService", "WeatherService\WeatherService.pyproj", "{73A778EF-FA86-497D-A415-64796662249D}"
EndProject
Project("{888888A0-9F3D-457C-B088-3A5042F75D52}") = "WeatherDataCollector", "WeatherDataCollector\WeatherDataCollector.pyproj", "{9242CA7F-2672-4FF6-89DD-93CF50458B51}"
EndProject
Global
	GlobalSection(SolutionConfigurationPlatforms) = preSolution
		Debug|Any CPU = Debug|Any CPU
		Release|Any CPU = Release|Any CPU
	EndGlobalSection
	GlobalSection(ProjectConfigurationPlatforms) = postSolution
		{73A778EF-FA86-497D-A415-64796662249D}.Debug|Any CPU.ActiveCfg = Debug|Any CPU
		{73A778EF-FA86-497D-A415-64796662249D}.Debug|Any CPU.Build.0 = Debug|Any CPU
		{73A778EF-FA86-497D-A415-64796662249D}.Release|Any CPU.ActiveCfg = Release|Any CPU
		{73A778EF-FA86-497D-A415-64796662249D}.Release|Any CPU.Build.0 = Release|Any CPU
		{9242CA7F-2672-4FF6-89DD-93CF50458B51}.Debug|Any CPU.ActiveCfg = Debug|Any CPU
		{9242CA7F-2672-4FF6-89DD-93CF50458B51}.Release|Any CPU.ActiveCfg = Release|Any CPU
	EndGlobalSection
	GlobalSection(SolutionProperties) = preSolution
		HideSolutionNode = FALSE
	EndGlobalSection
EndGlobal
